
Microsoft Visual Studio Solution File, Format Version 12.00
# Visual Studio Version 16
VisualStudioVersion = 16.0.33214.272
MinimumVisualStudioVersion = 10.0.40219.1
Project("{FAE04EC0-301F-11D3-BF4B-00C04F79EFBC}") = "ShallowCopy", "ShallowCopy\ShallowCopy.csproj", "{5752935B-7CA0-46E1-BB02-4D80CCA3CEA3}"
EndProject
Project("{FAE04EC0-301F-11D3-BF4B-00C04F79EFBC}") = "DeepCopy", "DeepCopy\DeepCopy.csproj", "{7FD3439B-E9B7-43E2-966F-3E3A202C67BC}"
EndProject
Global
	GlobalSection(SolutionConfigurationPlatforms) = preSolution
		Debug|Any CPU = Debug|Any CPU
		Release|Any CPU = Release|Any CPU
	EndGlobalSection
	GlobalSection(ProjectConfigurationPlatforms) = postSolution
		{5752935B-7CA0-46E1-BB02-4D80CCA3CEA3}.Debug|Any CPU.ActiveCfg = Debug|Any CPU
		{5752935B-7CA0-46E1-BB02-4D80CCA3CEA3}.Debug|Any CPU.Build.0 = Debug|Any CPU
		{5752935B-7CA0-46E1-BB02-4D80CCA3CEA3}.Release|Any CPU.ActiveCfg = Release|Any CPU
		{5752935B-7CA0-46E1-BB02-4D80CCA3CEA3}.Release|Any CPU.Build.0 = Release|Any CPU
		{7FD3439B-E9B7-43E2-966F-3E3A202C67BC}.Debug|Any CPU.ActiveCfg = Debug|Any CPU
		{7FD3439B-E9B7-43E2-966F-3E3A202C67BC}.Debug|Any CPU.Build.0 = Debug|Any CPU
		{7FD3439B-E9B7-43E2-966F-3E3A202C67BC}.Release|Any CPU.ActiveCfg = Release|Any CPU
		{7FD3439B-E9B7-43E2-966F-3E3A202C67BC}.Release|Any CPU.Build.0 = Release|Any CPU
	EndGlobalSection
	GlobalSection(SolutionProperties) = preSolution
		HideSolutionNode = FALSE
	EndGlobalSection
	GlobalSection(ExtensibilityGlobals) = postSolution
		SolutionGuid = {43E3FC22-0647-464F-8CFA-94C3DD96B176}
	EndGlobalSection
EndGlobal
