
Microsoft Visual Studio Solution File, Format Version 12.00
# Visual Studio Version 17
VisualStudioVersion = 17.0.31903.59
MinimumVisualStudioVersion = 10.0.40219.1
Project("{FAE04EC0-301F-11D3-BF4B-00C04F79EFBC}") = "Before", "Before\Before.csproj", "{9362CA5B-8799-4FEE-892C-195CC58EC9B2}"
EndProject
Project("{FAE04EC0-301F-11D3-BF4B-00C04F79EFBC}") = "After_Simple_Singleton", "After_Simple_Singleton\After_Simple_Singleton.csproj", "{865E9B94-1057-445E-8343-03A99D2A421A}"
EndProject
Global
	GlobalSection(SolutionConfigurationPlatforms) = preSolution
		Debug|Any CPU = Debug|Any CPU
		Release|Any CPU = Release|Any CPU
	EndGlobalSection
	GlobalSection(ProjectConfigurationPlatforms) = postSolution
		{9362CA5B-8799-4FEE-892C-195CC58EC9B2}.Debug|Any CPU.ActiveCfg = Debug|Any CPU
		{9362CA5B-8799-4FEE-892C-195CC58EC9B2}.Debug|Any CPU.Build.0 = Debug|Any CPU
		{9362CA5B-8799-4FEE-892C-195CC58EC9B2}.Release|Any CPU.ActiveCfg = Release|Any CPU
		{9362CA5B-8799-4FEE-892C-195CC58EC9B2}.Release|Any CPU.Build.0 = Release|Any CPU
		{865E9B94-1057-445E-8343-03A99D2A421A}.Debug|Any CPU.ActiveCfg = Debug|Any CPU
		{865E9B94-1057-445E-8343-03A99D2A421A}.Debug|Any CPU.Build.0 = Debug|Any CPU
		{865E9B94-1057-445E-8343-03A99D2A421A}.Release|Any CPU.ActiveCfg = Release|Any CPU
		{865E9B94-1057-445E-8343-03A99D2A421A}.Release|Any CPU.Build.0 = Release|Any CPU
	EndGlobalSection
	GlobalSection(SolutionProperties) = preSolution
		HideSolutionNode = FALSE
	EndGlobalSection
	GlobalSection(ExtensibilityGlobals) = postSolution
		SolutionGuid = {684AE78E-2468-4994-A59F-FD7E92745047}
	EndGlobalSection
EndGlobal
