
Microsoft Visual Studio Solution File, Format Version 12.00
# Visual Studio Version 16
VisualStudioVersion = 16.0.33214.272
MinimumVisualStudioVersion = 10.0.40219.1
Project("{FAE04EC0-301F-11D3-BF4B-00C04F79EFBC}") = "Proxy_DP", "Proxy_DP\Proxy_DP.csproj", "{C6A74137-C8D2-4FE2-A273-410CA55B72FA}"
EndProject
Global
	GlobalSection(SolutionConfigurationPlatforms) = preSolution
		Debug|Any CPU = Debug|Any CPU
		Release|Any CPU = Release|Any CPU
	EndGlobalSection
	GlobalSection(ProjectConfigurationPlatforms) = postSolution
		{C6A74137-C8D2-4FE2-A273-410CA55B72FA}.Debug|Any CPU.ActiveCfg = Debug|Any CPU
		{C6A74137-C8D2-4FE2-A273-410CA55B72FA}.Debug|Any CPU.Build.0 = Debug|Any CPU
		{C6A74137-C8D2-4FE2-A273-410CA55B72FA}.Release|Any CPU.ActiveCfg = Release|Any CPU
		{C6A74137-C8D2-4FE2-A273-410CA55B72FA}.Release|Any CPU.Build.0 = Release|Any CPU
	EndGlobalSection
	GlobalSection(SolutionProperties) = preSolution
		HideSolutionNode = FALSE
	EndGlobalSection
	GlobalSection(ExtensibilityGlobals) = postSolution
		SolutionGuid = {D5D52E12-B82E-4E99-8181-F6C1BD19DB3D}
	EndGlobalSection
EndGlobal
